dependencies:
- name: prometheus
  repository: https://kubernetes-charts.storage.googleapis.com/
  version: 7.4.6
- name: grafana
  repository: https://kubernetes-charts.storage.googleapis.com/
  version: 3.3.6
digest: sha256:95a8efe9a67cef7f0a291ceaeee3ad44d3370cf206953ab6515e469c3d89ee27
generated: 2019-05-03T09:26:12.84326532-04:00
